
Microsoft Visual Studio Solution File, Format Version 12.00
# Visual Studio Version 17
VisualStudioVersion = 17.5.33424.131
MinimumVisualStudioVersion = 10.0.40219.1
Project("{FAE04EC0-301F-11D3-BF4B-00C04F79EFBC}") = "Hola Mundo", "Hola Mundo.csproj", "{412CA646-F7A2-46BD-9B9F-43FE22FD3270}"
EndProject
Global
	GlobalSection(SolutionConfigurationPlatforms) = preSolution
		Debug|Any CPU = Debug|Any CPU
		Release|Any CPU = Release|Any CPU
	EndGlobalSection
	GlobalSection(ProjectConfigurationPlatforms) = postSolution
		{412CA646-F7A2-46BD-9B9F-43FE22FD3270}.Debug|Any CPU.ActiveCfg = Debug|Any CPU
		{412CA646-F7A2-46BD-9B9F-43FE22FD3270}.Debug|Any CPU.Build.0 = Debug|Any CPU
		{412CA646-F7A2-46BD-9B9F-43FE22FD3270}.Release|Any CPU.ActiveCfg = Release|Any CPU
		{412CA646-F7A2-46BD-9B9F-43FE22FD3270}.Release|Any CPU.Build.0 = Release|Any CPU
	EndGlobalSection
	GlobalSection(SolutionProperties) = preSolution
		HideSolutionNode = FALSE
	EndGlobalSection
	GlobalSection(ExtensibilityGlobals) = postSolution
		SolutionGuid = {4ED497EC-535A-4B34-8063-00AD81459027}
	EndGlobalSection
EndGlobal
