
Microsoft Visual Studio Solution File, Format Version 12.00
# Visual Studio Version 17
VisualStudioVersion = 17.5.33424.131
MinimumVisualStudioVersion = 10.0.40219.1
Project("{FAE04EC0-301F-11D3-BF4B-00C04F79EFBC}") = "Matrix", "Matrix.csproj", "{EFFA858E-8281-4543-BA55-897BE7E16324}"
EndProject
Global
	GlobalSection(SolutionConfigurationPlatforms) = preSolution
		Debug|Any CPU = Debug|Any CPU
		Release|Any CPU = Release|Any CPU
	EndGlobalSection
	GlobalSection(ProjectConfigurationPlatforms) = postSolution
		{EFFA858E-8281-4543-BA55-897BE7E16324}.Debug|Any CPU.ActiveCfg = Debug|Any CPU
		{EFFA858E-8281-4543-BA55-897BE7E16324}.Debug|Any CPU.Build.0 = Debug|Any CPU
		{EFFA858E-8281-4543-BA55-897BE7E16324}.Release|Any CPU.ActiveCfg = Release|Any CPU
		{EFFA858E-8281-4543-BA55-897BE7E16324}.Release|Any CPU.Build.0 = Release|Any CPU
	EndGlobalSection
	GlobalSection(SolutionProperties) = preSolution
		HideSolutionNode = FALSE
	EndGlobalSection
	GlobalSection(ExtensibilityGlobals) = postSolution
		SolutionGuid = {672316C9-E489-426D-8DB2-C6136229D9D0}
	EndGlobalSection
EndGlobal
